github.com/aws/aws-sdk-go-v2 v1.42.1 h1:9eOTgu1z/dVtYpNZ3/8/XbbaX0x/BqE3HUzAzs6K0ek=
github.com/aws/aws-sdk-go-v2 v1.42.1/go.mod h1:5pKeft2eJj+gElQ38Jqg4ibCqh+/AK33/0X3hip7IjM=
github.com/aws/aws-sdk-go-v2/aws/protocol/eventstream v1.7.14 h1:3IZY0XAJquT3aHzbkHfPzy4ACPcEjVG0x87KOwtpqGY=
github.com/aws/aws-sdk-go-v2/aws/protocol/eventstream v1.7.14/go.mod h1:zwM6veDkhGgQFqkBy+uT28AAYpLu+uFMlPl+rCg/73E=
github.com/aws/aws-sdk-go-v2/credentials v1.19.26 h1:Si8kk1kyJnuJWCEgiwpBtTdtgSdR7i611596NnC0YIQ=
github.com/aws/aws-sdk-go-v2/credentials v1.19.26/go.mod h1:lBckz+W9SAdNtSDw3pYgQUJDJFcBBWry0GSzw+bK0TY=
github.com/aws/aws-sdk-go-v2/internal/configsources v1.4.30 h1:xM/Is9cKMHa8Jj8zkvWhvrFkZsXJV9E+BB4g0HW0duQ=
github.com/aws/aws-sdk-go-v2/internal/configsources v1.4.30/go.mod h1:WueJeNDZvK1fMYEWJIkcivBfEzUkTpBhzlrUKKY8EuA=
github.com/aws/aws-sdk-go-v2/internal/endpoints/v2 v2.7.30 h1:jn46zC9LdsVR/ZpMIJqMqb8hHv31BlLx3ulVqNspUOk=
github.com/aws/aws-sdk-go-v2/internal/endpoints/v2 v2.7.30/go.mod h1:1hTMsAgbdS/AtUi4bw8+gUuh1pceo+eXRLfpSuSQj3M=
github.com/aws/aws-sdk-go-v2/internal/v4a v1.4.31 h1:3GUprIsfmGcC5SACIyB0e7E0BM1O1b3Erl5CePYIAeQ=
github.com/aws/aws-sdk-go-v2/internal/v4a v1.4.31/go.mod h1:7PuV1yl5e2xnUbm+RqvVg5i2iBM8EyijZNoI9wsOoOc=
github.com/aws/aws-sdk-go-v2/service/internal/accept-encoding v1.13.13 h1:mbRIur/BiHK6SKPjoBIXSE/hJ6g6JGRLuxQy1jGjlN4=
github.com/aws/aws-sdk-go-v2/service/internal/accept-encoding v1.13.13/go.mod h1:ITg9em2KbJx1s0y4aqRX5OYWG6HBZ5TVR//OdpEZ2CQ=
github.com/aws/aws-sdk-go-v2/service/internal/checksum v1.9.23 h1:9Fjh6fi/U5JEStVZijmaMpUwE/gvBJj7x2B/PjbO9To=
github.com/aws/aws-sdk-go-v2/service/internal/checksum v1.9.23/go.mod h1:iMoT2f1tClxrWAAnKCXjZQ6LOmfLrMG14wmnWpM+F14=
github.com/aws/aws-sdk-go-v2/service/internal/presigned-url v1.13.30 h1:/Z5jmNrKsSD7EmDjzAPsm/3L9IuOkzaynklJZ1qX7S4=
github.com/aws/aws-sdk-go-v2/service/internal/presigned-url v1.13.30/go.mod h1:lEzEZnOosE7zi8Z6royW1cFJTD9fpab4Ul1SBrllewk=
github.com/aws/aws-sdk-go-v2/service/internal/s3shared v1.19.31 h1:uao4A3QZ5UmB326V6KF+qRpv9Tjz7IlnlnTbbANntlU=
github.com/aws/aws-sdk-go-v2/service/internal/s3shared v1.19.31/go.mod h1:I/1+z0VwL1GhQyLgkoHDlygpUZ+iTAwOQ/NsftiUL2I=
github.com/aws/aws-sdk-go-v2/service/s3 v1.104.2 h1:bAY6O/TDv1HQnvylh9E247IyIKsUWUt2G965S7qX110=
github.com/aws/aws-sdk-go-v2/service/s3 v1.104.2/go.mod h1:zdmCoFO/dSI7GlrwsPqFJI+WlFnSU4Tc8TJnlXrM1Do=
github.com/aws/smithy-go v1.27.3 h1:F3Zb497UhhskkfpJmfkXswyo+t0sh9OTBnIHjogWbVY=
github.com/aws/smithy-go v1.27.3/go.mod h1:YE2RhdIuDbA5E5bTdciG9KrW3+TiEONeUWCqxX9i1Fc=
github.com/beorn7/perks v1.0.1 h1:VlbKKnNfV8bJzeqoa4cOKqO6bYr3WgKZxO8Z16+hsOM=
github.com/beorn7/perks v1.0.1/go.mod h1:G2ZrVWU2WbWT9wwq4/hrbKbnv/1ERSJQ0ibhJ6rlkpw=
github.com/cespare/xxhash/v2 v2.3.0 h1:UL815xU9SqsFlibzuggzjXhog7bL6oX9BbNZnL2UFvs=
github.com/cespare/xxhash/v2 v2.3.0/go.mod h1:VGX0DQ3Q6kWi7AoAeZDth3/j3BFtOZR5XLFGgcrjCOs=
github.com/creack/pty v1.1.9/go.mod h1:oKZEueFk5CKHvIhNR5MUki03XCEU+Q6VDXinZuGJ33E=
github.com/davecgh/go-spew v1.1.1 h1:vj9j/u1bqnvCEfJOwUhtlOARqs3+rkHYY13jYWTU97c=
github.com/davecgh/go-spew v1.1.1/go.mod h1:J7Y8YcW2NihsgmVo/mv3lAwl/skON4iLHjSsI+c5H38=
github.com/emersion/go-sasl v0.0.0-20241020182733-b788ff22d5a6 h1:oP4q0fw+fOSWn3DfFi4EXdT+B+gTtzx8GC9xsc26Znk=
github.com/emersion/go-sasl v0.0.0-20241020182733-b788ff22d5a6/go.mod h1:iL2twTeMvZnrg54ZoPDNfJaJaqy0xIQFuBdrLsmspwQ=
github.com/emersion/go-smtp v0.22.0 h1:/d3HWxkZZ4riB+0kzfoODh9X+xyCrLEezMnAAa1LEMU=
github.com/emersion/go-smtp v0.22.0/go.mod h1:ZtRRkbTyp2XTHCA+BmyTFTrj8xY4I+b4McvHxCU2gsQ=
github.com/google/go-cmp v0.7.0 h1:wk8382ETsv4JYUZwIsn6YpYiWiBsYLSJiTsyBybVuN8=
github.com/google/go-cmp v0.7.0/go.mod h1:pXiqmnSA92OHEEa9HXL2W4E7lf9JzCmGVUdgjX3N/iU=
github.com/joho/godotenv v1.5.1 h1:7eLL/+HRGLY0ldzfGMeQkb7vMd0as4CfYvUVzLqw0N0=
github.com/joho/godotenv v1.5.1/go.mod h1:f4LDr5Voq0i2e/R5DDNOoa2zzDfwtkZa6DnEwAbqwq4=
github.com/kr/pretty v0.3.1 h1:flRD4NNwYAUpkphVc1HcthR4KEIFJ65n8Mw5qdRn3LE=
github.com/kr/pretty v0.3.1/go.mod h1:hoEshYVHaxMs3cyo3Yncou5ZscifuDolrwPKZanG3xk=
github.com/kr/text v0.2.0 h1:5Nx0Ya0ZqY2ygV366QzturHI13Jq95ApcVaJBhpS+AY=
github.com/kr/text v0.2.0/go.mod h1:eLer722TekiGuMkidMxC/pM04lWEeraHUUmBw8l2grE=
github.com/lib/pq v1.10.9 h1:YXG7RB+JIjhP29X+OtkiDnYaXQwpS4JEWq7dtCCRUEw=
github.com/lib/pq v1.10.9/go.mod h1:AlVN5x4E4T544tWzH6hKfbfQvm3HdbOxrmggDNAPY9o=
github.com/miekg/dns v1.1.68 h1:jsSRkNozw7G/mnmXULynzMNIsgY2dHC8LO6U6Ij2JEA=
github.com/miekg/dns v1.1.68/go.mod h1:fujopn7TB3Pu3JM69XaawiU0wqjpL9/8xGop5UrTPps=
github.com/munnerz/goautoneg v0.0.0-20191010083416-a7dc8b61c822 h1:C3w9PqII01/Oq1c1nUAm88MOHcQC9l5mIlSMApZMrHA=
github.com/munnerz/goautoneg v0.0.0-20191010083416-a7dc8b61c822/go.mod h1:+n7T8mK8HuQTcFwEeznm/DIxMOiR9yIdICNftLE1DvQ=
github.com/pmezard/go-difflib v1.0.0 h1:4DBwDE0NGyQoBHbLQYPwSUPoCMWR5BEzIk/f1lZbAQM=
github.com/pmezard/go-difflib v1.0.0/go.mod h1:iKH77koFhYxTK1pcRnkKkqfTogsbg7gZNVY4sRDYZ/4=
github.com/prometheus/client_golang v1.22.0 h1:rb93p9lokFEsctTys46VnV1kLCDpVZ0a/Y92Vm0Zc6Q=
github.com/prometheus/client_golang v1.22.0/go.mod h1:R7ljNsLXhuQXYZYtw6GAE9AZg8Y7vEW5scdCXrWRXC0=
github.com/prometheus/client_model v0.6.1 h1:ZKSh/rekM+n3CeS952MLRAdFwIKqeY8b62p8ais2e9E=
github.com/prometheus/client_model v0.6.1/go.mod h1:OrxVMOVHjw3lKMa8+x6HeMGkHMQyHDk9E3jmP2AmGiY=
github.com/prometheus/common v0.62.0 h1:xasJaQlnWAeyHdUBeGjXmutelfJHWMRr+Fg4QszZ2Io=
github.com/prometheus/common v0.62.0/go.mod h1:vyBcEuLSvWos9B1+CyL7JZ2up+uFzXhkqml0W5zIY1I=
github.com/prometheus/procfs v0.15.1 h1:YagwOFzUgYfKKHX6Dr+sHT7km/hxC76UB0learggepc=
github.com/prometheus/procfs v0.15.1/go.mod h1:fB45yRUv8NstnjriLhBQLuOUt+WW4BsoGhij/e3PBqk=
github.com/rogpeppe/go-internal v1.10.0 h1:TMyTOH3F/DB16zRVcYyreMH6GnZZrwQVAoYjRBZyWFQ=
github.com/rogpeppe/go-internal v1.10.0/go.mod h1:UQnix2H7Ngw/k4C5ijL5+65zddjncjaFoBhdsK/akog=
github.com/stretchr/testify v1.10.0 h1:Xv5erBjTwe/5IxqUQTdXv5kgmIvbHo3QQyRwhJsOfJA=
github.com/stretchr/testify v1.10.0/go.mod h1:r2ic/lqez/lEtzL7wO/rwa5dbSLXVDPFyf8C91i36aY=
golang.org/x/mod v0.26.0 h1:EGMPT//Ezu+ylkCijjPc+f4Aih7sZvaAr+O3EHBxvZg=
golang.org/x/mod v0.26.0/go.mod h1:/j6NAhSk8iQ723BGAUyoAcn7SlD7s15Dp9Nd/SfeaFQ=
golang.org/x/net v0.43.0 h1:lat02VYK2j4aLzMzecihNvTlJNQUq316m2Mr9rnM6YE=
golang.org/x/net v0.43.0/go.mod h1:vhO1fvI4dGsIjh73sWfUVjj3N7CA9WkKJNQm2svM6Jg=
golang.org/x/sync v0.16.0 h1:ycBJEhp9p4vXvUZNszeOq0kGTPghopOL8q0fq3vstxw=
golang.org/x/sync v0.16.0/go.mod h1:1dzgHSNfp02xaA81J2MS99Qcpr2w7fw1gpm99rleRqA=
golang.org/x/sys v0.35.0 h1:vz1N37gP5bs89s7He8XuIYXpyY0+QlsKmzipCbUtyxI=
golang.org/x/sys v0.35.0/go.mod h1:BJP2sWEmIv4KK5OTEluFJCKSidICx8ciO85XgH3Ak8k=
golang.org/x/text v0.28.0 h1:rhazDwis8INMIwQ4tpjLDzUhx6RlXqZNPEM0huQojng=
golang.org/x/text v0.28.0/go.mod h1:U8nCwOR8jO/marOQ0QbDiOngZVEBB7MAiitBuMjXiNU=
golang.org/x/tools v0.35.0 h1:mBffYraMEf7aa0sB+NuKnuCy8qI/9Bughn8dC2Gu5r0=
golang.org/x/tools v0.35.0/go.mod h1:NKdj5HkL/73byiZSJjqJgKn3ep7KjFkBOkR/Hps3VPw=
google.golang.org/protobuf v1.36.5 h1:tPhr+woSbjfYvY6/GPufUoYizxw1cF/yFoxJ2fmpwlM=
google.golang.org/protobuf v1.36.5/go.mod h1:9fA7Ob0pmnwhb644+1+CVWFRbNajQ6iRojtC/QF5bRE=
gopkg.in/check.v1 v0.0.0-20161208181325-20d25e280405/go.mod h1:Co6ibVJAznAaIkqp8huTwlJQCZ016jof/cbN4VW5Yz0=
gopkg.in/check.v1 v1.0.0-20201130134442-10cb98267c6c h1:Hei/4ADfdWqJk1ZMxUNpqntNwaWcugrBjAiHlqqRiVk=
gopkg.in/check.v1 v1.0.0-20201130134442-10cb98267c6c/go.mod h1:JHkPIbrfpd72SG/EVd6muEfDQjcINNoR0C8j2r3qZ4Q=
gopkg.in/yaml.v3 v3.0.1 h1:fxVm/GzAzEWqLHuvctI91KS9hhNmmWOoWu0XTYJS7CA=
gopkg.in/yaml.v3 v3.0.1/go.mod h1:K4uyk7z7BCEPqu6E+C64Yfv1cQ7kz7rIZviUmN+EgEM=
